// !$*UTF8*$!
{
	archiveVersion = 1;
	classes = {
	};
	objectVersion = 56;
	objects = {

/* Begin PBXBuildFile section */
		3958EF822BC2818200E1FB77 /* swift UI Button.swift in Sources */ = {isa = PBXBuildFile; fileRef = 3958EF812BC2818200E1FB77 /* swift UI Button.swift */; };
		397E78922BC13BD400ABDDD9 /* swift_UI_weatherApp.swift in Sources */ = {isa = PBXBuildFile; fileRef = 397E78912BC13BD400ABDDD9 /* swift_UI_weatherApp.swift */; };
		397E78942BC13BD400ABDDD9 /* ContentView.swift in Sources */ = {isa = PBXBuildFile; fileRef = 397E78932BC13BD400ABDDD9 /* ContentView.swift */; };
		397E78962BC13BD500ABDDD9 /* Assets.xcassets in Resources */ = {isa = PBXBuildFile; fileRef = 397E78952BC13BD500ABDDD9 /* Assets.xcassets */; };
		397E78992BC13BD500ABDDD9 /* Preview Assets.xcassets in Resources */ = {isa = PBXBuildFile; fileRef = 397E78982BC13BD500ABDDD9 /* Preview Assets.xcassets */; };
		397E78A32BC13BD600ABDDD9 /* swift_UI_weatherTests.swift in Sources */ = {isa = PBXBuildFile; fileRef = 397E78A22BC13BD600ABDDD9 /* swift_UI_weatherTests.swift */; };
		397E78AD2BC13BD600ABDDD9 /* swift_UI_weatherUITests.swift in Sources */ = {isa = PBXBuildFile; fileRef = 397E78AC2BC13BD600ABDDD9 /* swift_UI_weatherUITests.swift */; };
		397E78AF2BC13BD600ABDDD9 /* swift_UI_weatherUITestsLaunchTests.swift in Sources */ = {isa = PBXBuildFile; fileRef = 397E78AE2BC13BD600ABDDD9 /* swift_UI_weatherUITestsLaunchTests.swift */; };
/* End PBXBuildFile section */

/* Begin PBXContainerItemProxy section */
		397E789F2BC13BD600ABDDD9 /* PBXContainerItemProxy */ = {
			isa = PBXContainerItemProxy;
			containerPortal = 397E78862BC13BD400ABDDD9 /* Project object */;
			proxyType = 1;
			remoteGlobalIDString = 397E788D2BC13BD400ABDDD9;
			remoteInfo = "swift UI weather";
		};
		397E78A92BC13BD600ABDDD9 /* PBXContainerItemProxy */ = {
			isa = PBXContainerItemProxy;
			containerPortal = 397E78862BC13BD400ABDDD9 /* Project object */;
			proxyType = 1;
			remoteGlobalIDString = 397E788D2BC13BD400ABDDD9;
			remoteInfo = "swift UI weather";
		};
/* End PBXContainerItemProxy section */

/* Begin PBXFileReference section */
		3958EF812BC2818200E1FB77 /* swift UI Button.swift */ = {isa = PBXFileReference; lastKnownFileType = sourcecode.swift; path = "swift UI Button.swift"; sourceTree = "<group>"; };
		397E788E2BC13BD400ABDDD9 /* swift UI weather.app */ = {isa = PBXFileReference; explicitFileType = wrapper.application; includeInIndex = 0; path = "swift UI weather.app"; sourceTree = BUILT_PRODUCTS_DIR; };
		397E78912BC13BD400ABDDD9 /* swift_UI_weatherApp.swift */ = {isa = PBXFileReference; lastKnownFileType = sourcecode.swift; path = swift_UI_weatherApp.swift; sourceTree = "<group>"; };
		397E78932BC13BD400ABDDD9 /* ContentView.swift */ = {isa = PBXFileReference; lastKnownFileType = sourcecode.swift; path = ContentView.swift; sourceTree = "<group>"; };
		397E78952BC13BD500ABDDD9 /* Assets.xcassets */ = {isa = PBXFileReference; lastKnownFileType = folder.assetcatalog; path = Assets.xcassets; sourceTree = "<group>"; };
		397E78982BC13BD500ABDDD9 /* Preview Assets.xcassets */ = {isa = PBXFileReference; lastKnownFileType = folder.assetcatalog; path = "Preview Assets.xcassets"; sourceTree = "<group>"; };
		397E789E2BC13BD600ABDDD9 /* swift UI weatherTests.xctest */ = {isa = PBXFileReference; explicitFileType = wrapper.cfbundle; includeInIndex = 0; path = "swift UI weatherTests.xctest"; sourceTree = BUILT_PRODUCTS_DIR; };
		397E78A22BC13BD600ABDDD9 /* swift_UI_weatherTests.swift */ = {isa = PBXFileReference; lastKnownFileType = sourcecode.swift; path = swift_UI_weatherTests.swift; sourceTree = "<group>"; };
		397E78A82BC13BD600ABDDD9 /* swift UI weatherUITests.xctest */ = {isa = PBXFileReference; explicitFileType = wrapper.cfbundle; includeInIndex = 0; path = "swift UI weatherUITests.xctest"; sourceTree = BUILT_PRODUCTS_DIR; };
		397E78AC2BC13BD600ABDDD9 /* swift_UI_weatherUITests.swift */ = {isa = PBXFileReference; lastKnownFileType = sourcecode.swift; path = swift_UI_weatherUITests.swift; sourceTree = "<group>"; };
		397E78AE2BC13BD600ABDDD9 /* swift_UI_weatherUITestsLaunchTests.swift */ = {isa = PBXFileReference; lastKnownFileType = sourcecode.swift; path = swift_UI_weatherUITestsLaunchTests.swift; sourceTree = "<group>"; };
/* End PBXFileReference section */

/* Begin PBXFrameworksBuildPhase section */
		397E788B2BC13BD400ABDDD9 /* Frameworks */ = {
			isa = PBXFrameworksBuildPhase;
			buildActionMask = 2147483647;
			files = (
			);
			runOnlyForDeploymentPostprocessing = 0;
		};
		397E789B2BC13BD600ABDDD9 /* Frameworks */ = {
			isa = PBXFrameworksBuildPhase;
			buildActionMask = 2147483647;
			files = (
			);
			runOnlyForDeploymentPostprocessing = 0;
		};
		397E78A52BC13BD600ABDDD9 /* Frameworks */ = {
			isa = PBXFrameworksBuildPhase;
			buildActionMask = 2147483647;
			files = (
			);
			runOnlyForDeploymentPostprocessing = 0;
		};
/* End PBXFrameworksBuildPhase section */

/* Begin PBXGroup section */
		397E78852BC13BD400ABDDD9 = {
			isa = PBXGroup;
			children = (
				397E78902BC13BD400ABDDD9 /* swift UI weather */,
				397E78A12BC13BD600ABDDD9 /* swift UI weatherTests */,
				397E78AB2BC13BD600ABDDD9 /* swift UI weatherUITests */,
				397E788F2BC13BD400ABDDD9 /* Products */,
			);
			sourceTree = "<group>";
		};
		397E788F2BC13BD400ABDDD9 /* Products */ = {
			isa = PBXGroup;
			children = (
				397E788E2BC13BD400ABDDD9 /* swift UI weather.app */,
				397E789E2BC13BD600ABDDD9 /* swift UI weatherTests.xctest */,
				397E78A82BC13BD600ABDDD9 /* swift UI weatherUITests.xctest */,
			);
			name = Products;
			sourceTree = "<group>";
		};
		397E78902BC13BD400ABDDD9 /* swift UI weather */ = {
			isa = PBXGroup;
			children = (
				397E78912BC13BD400ABDDD9 /* swift_UI_weatherApp.swift */,
				397E78932BC13BD400ABDDD9 /* ContentView.swift */,
				397E78952BC13BD500ABDDD9 /* Assets.xcassets */,
				397E78972BC13BD500ABDDD9 /* Preview Content */,
				3958EF812BC2818200E1FB77 /* swift UI Button.swift */,
			);
			path = "swift UI weather";
			sourceTree = "<group>";
		};
		397E78972BC13BD500ABDDD9 /* Preview Content */ = {
			isa = PBXGroup;
			children = (
				397E78982BC13BD500ABDDD9 /* Preview Assets.xcassets */,
			);
			path = "Preview Content";
			sourceTree = "<group>";
		};
		397E78A12BC13BD600ABDDD9 /* swift UI weatherTests */ = {
			isa = PBXGroup;
			children = (
				397E78A22BC13BD600ABDDD9 /* swift_UI_weatherTests.swift */,
			);
			path = "swift UI weatherTests";
			sourceTree = "<group>";
		};
		397E78AB2BC13BD600ABDDD9 /* swift UI weatherUITests */ = {
			isa = PBXGroup;
			children = (
				397E78AC2BC13BD600ABDDD9 /* swift_UI_weatherUITests.swift */,
				397E78AE2BC13BD600ABDDD9 /* swift_UI_weatherUITestsLaunchTests.swift */,
			);
			path = "swift UI weatherUITests";
			sourceTree = "<group>";
		};
/* End PBXGroup section */

/* Begin PBXNativeTarget section */
		397E788D2BC13BD400ABDDD9 /* swift UI weather */ = {
			isa = PBXNativeTarget;
			buildConfigurationList = 397E78B22BC13BD600ABDDD9 /* Build configuration list for PBXNativeTarget "swift UI weather" */;
			buildPhases = (
				397E788A2BC13BD400ABDDD9 /* Sources */,
				397E788B2BC13BD400ABDDD9 /* Frameworks */,
				397E788C2BC13BD400ABDDD9 /* Resources */,
			);
			buildRules = (
			);
			dependencies = (
			);
			name = "swift UI weather";
			productName = "swift UI weather";
			productReference = 397E788E2BC13BD400ABDDD9 /* swift UI weather.app */;
			productType = "com.apple.product-type.application";
		};
		397E789D2BC13BD600ABDDD9 /* swift UI weatherTests */ = {
			isa = PBXNativeTarget;
			buildConfigurationList = 397E78B52BC13BD600ABDDD9 /* Build configuration list for PBXNativeTarget "swift UI weatherTests" */;
			buildPhases = (
				397E789A2BC13BD600ABDDD9 /* Sources */,
				397E789B2BC13BD600ABDDD9 /* Frameworks */,
				397E789C2BC13BD600ABDDD9 /* Resources */,
			);
			buildRules = (
			);
			dependencies = (
				397E78A02BC13BD600ABDDD9 /* PBXTargetDependency */,
			);
			name = "swift UI weatherTests";
			productName = "swift UI weatherTests";
			productReference = 397E789E2BC13BD600ABDDD9 /* swift UI weatherTests.xctest */;
			productType = "com.apple.product-type.bundle.unit-test";
		};
		397E78A72BC13BD600ABDDD9 /* swift UI weatherUITests */ = {
			isa = PBXNativeTarget;
			buildConfigurationList = 397E78B82BC13BD600ABDDD9 /* Build configuration list for PBXNativeTarget "swift UI weatherUITests" */;
			buildPhases = (
				397E78A42BC13BD600ABDDD9 /* Sources */,
				397E78A52BC13BD600ABDDD9 /* Frameworks */,
				397E78A62BC13BD600ABDDD9 /* Resources */,
			);
			buildRules = (
			);
			dependencies = (
				397E78AA2BC13BD600ABDDD9 /* PBXTargetDependency */,
			);
			name = "swift UI weatherUITests";
			productName = "swift UI weatherUITests";
			productReference = 397E78A82BC13BD600ABDDD9 /* swift UI weatherUITests.xctest */;
			productType = "com.apple.product-type.bundle.ui-testing";
		};
/* End PBXNativeTarget section */

/* Begin PBXProject section */
		397E78862BC13BD400ABDDD9 /* Project object */ = {
			isa = PBXProject;
			attributes = {
				BuildIndependentTargetsInParallel = 1;
				LastSwiftUpdateCheck = 1530;
				LastUpgradeCheck = 1530;
				TargetAttributes = {
					397E788D2BC13BD400ABDDD9 = {
						CreatedOnToolsVersion = 15.3;
					};
					397E789D2BC13BD600ABDDD9 = {
						CreatedOnToolsVersion = 15.3;
						TestTargetID = 397E788D2BC13BD400ABDDD9;
					};
					397E78A72BC13BD600ABDDD9 = {
						CreatedOnToolsVersion = 15.3;
						TestTargetID = 397E788D2BC13BD400ABDDD9;
					};
				};
			};
			buildConfigurationList = 397E78892BC13BD400ABDDD9 /* Build configuration list for PBXProject "swift UI weather" */;
			compatibilityVersion = "Xcode 14.0";
			developmentRegion = en;
			hasScannedForEncodings = 0;
			knownRegions = (
				en,
				Base,
			);
			mainGroup = 397E78852BC13BD400ABDDD9;
			productRefGroup = 397E788F2BC13BD400ABDDD9 /* Products */;
			projectDirPath = "";
			projectRoot = "";
			targets = (
				397E788D2BC13BD400ABDDD9 /* swift UI weather */,
				397E789D2BC13BD600ABDDD9 /* swift UI weatherTests */,
				397E78A72BC13BD600ABDDD9 /* swift UI weatherUITests */,
			);
		};
/* End PBXProject section */

/* Begin PBXResourcesBuildPhase section */
		397E788C2BC13BD400ABDDD9 /* Resources */ = {
			isa = PBXResourcesBuildPhase;
			buildActionMask = 2147483647;
			files = (
				397E78992BC13BD500ABDDD9 /* Preview Assets.xcassets in Resources */,
				397E78962BC13BD500ABDDD9 /* Assets.xcassets in Resources */,
			);
			runOnlyForDeploymentPostprocessing = 0;
		};
		397E789C2BC13BD600ABDDD9 /* Resources */ = {
			isa = PBXResourcesBuildPhase;
			buildActionMask = 2147483647;
			files = (
			);
			runOnlyForDeploymentPostprocessing = 0;
		};
		397E78A62BC13BD600ABDDD9 /* Resources */ = {
			isa = PBXResourcesBuildPhase;
			buildActionMask = 2147483647;
			files = (
			);
			runOnlyForDeploymentPostprocessing = 0;
		};
/* End PBXResourcesBuildPhase section */

/* Begin PBXSourcesBuildPhase section */
		397E788A2BC13BD400ABDDD9 /* Sources */ = {
			isa = PBXSourcesBuildPhase;
			buildActionMask = 2147483647;
			files = (
				3958EF822BC2818200E1FB77 /* swift UI Button.swift in Sources */,
				397E78942BC13BD400ABDDD9 /* ContentView.swift in Sources */,
				397E78922BC13BD400ABDDD9 /* swift_UI_weatherApp.swift in Sources */,
			);
			runOnlyForDeploymentPostprocessing = 0;
		};
		397E789A2BC13BD600ABDDD9 /* Sources */ = {
			isa = PBXSourcesBuildPhase;
			buildActionMask = 2147483647;
			files = (
				397E78A32BC13BD600ABDDD9 /* swift_UI_weatherTests.swift in Sources */,
			);
			runOnlyForDeploymentPostprocessing = 0;
		};
		397E78A42BC13BD600ABDDD9 /* Sources */ = {
			isa = PBXSourcesBuildPhase;
			buildActionMask = 2147483647;
			files = (
				397E78AD2BC13BD600ABDDD9 /* swift_UI_weatherUITests.swift in Sources */,
				397E78AF2BC13BD600ABDDD9 /* swift_UI_weatherUITestsLaunchTests.swift in Sources */,
			);
			runOnlyForDeploymentPostprocessing = 0;
		};
/* End PBXSourcesBuildPhase section */

/* Begin PBXTargetDependency section */
		397E78A02BC13BD600ABDDD9 /* PBXTargetDependency */ = {
			isa = PBXTargetDependency;
			target = 397E788D2BC13BD400ABDDD9 /* swift UI weather */;
			targetProxy = 397E789F2BC13BD600ABDDD9 /* PBXContainerItemProxy */;
		};
		397E78AA2BC13BD600ABDDD9 /* PBXTargetDependency */ = {
			isa = PBXTargetDependency;
			target = 397E788D2BC13BD400ABDDD9 /* swift UI weather */;
			targetProxy = 397E78A92BC13BD600ABDDD9 /* PBXContainerItemProxy */;
		};
/* End PBXTargetDependency section */

/* Begin XCBuildConfiguration section */
		397E78B02BC13BD600ABDDD9 /* Debug */ = {
			isa = XCBuildConfiguration;
			buildSettings = {
				ALWAYS_SEARCH_USER_PATHS = NO;
				ASSETCATALOG_COMPILER_GENERATE_SWIFT_ASSET_SYMBOL_EXTENSIONS = YES;
				CLANG_ANALYZER_NONNULL = YES;
				CLANG_ANALYZER_NUMBER_OBJECT_CONVERSION = YES_AGGRESSIVE;
				CLANG_CXX_LANGUAGE_STANDARD = "gnu++20";
				CLANG_ENABLE_MODULES = YES;
				CLANG_ENABLE_OBJC_ARC = YES;
				CLANG_ENABLE_OBJC_WEAK = YES;
				CLANG_WARN_BLOCK_CAPTURE_AUTORELEASING = YES;
				CLANG_WARN_BOOL_CONVERSION = YES;
				CLANG_WARN_COMMA = YES;
				CLANG_WARN_CONSTANT_CONVERSION = YES;
				CLANG_WARN_DEPRECATED_OBJC_IMPLEMENTATIONS = YES;
				CLANG_WARN_DIRECT_OBJC_ISA_USAGE = YES_ERROR;
				CLANG_WARN_DOCUMENTATION_COMMENTS = YES;
				CLANG_WARN_EMPTY_BODY = YES;
				CLANG_WARN_ENUM_CONVERSION = YES;
				CLANG_WARN_INFINITE_RECURSION = YES;
				CLANG_WARN_INT_CONVERSION = YES;
				CLANG_WARN_NON_LITERAL_NULL_CONVERSION = YES;
				CLANG_WARN_OBJC_IMPLICIT_RETAIN_SELF = YES;
				CLANG_WARN_OBJC_LITERAL_CONVERSION = YES;
				CLANG_WARN_OBJC_ROOT_CLASS = YES_ERROR;
				CLANG_WARN_QUOTED_INCLUDE_IN_FRAMEWORK_HEADER = YES;
				CLANG_WARN_RANGE_LOOP_ANALYSIS = YES;
				CLANG_WARN_STRICT_PROTOTYPES = YES;
				CLANG_WARN_SUSPICIOUS_MOVE = YES;
				CLANG_WARN_UNGUARDED_AVAILABILITY = YES_AGGRESSIVE;
				CLANG_WARN_UNREACHABLE_CODE = YES;
				CLANG_WARN__DUPLICATE_METHOD_MATCH = YES;
				COPY_PHASE_STRIP = NO;
				DEBUG_INFORMATION_FORMAT = dwarf;
				ENABLE_STRICT_OBJC_MSGSEND = YES;
				ENABLE_TESTABILITY = YES;
				ENABLE_USER_SCRIPT_SANDBOXING = YES;
				GCC_C_LANGUAGE_STANDARD = gnu17;
				GCC_DYNAMIC_NO_PIC = NO;
				GCC_NO_COMMON_BLOCKS = YES;
				GCC_OPTIMIZATION_LEVEL = 0;
				GCC_PREPROCESSOR_DEFINITIONS = (
					"DEBUG=1",
					"$(inherited)",
				);
				GCC_WARN_64_TO_32_BIT_CONVERSION = YES;
				GCC_WARN_ABOUT_RETURN_TYPE = YES_ERROR;
				GCC_WARN_UNDECLARED_SELECTOR = YES;
				GCC_WARN_UNINITIALIZED_AUTOS = YES_AGGRESSIVE;
				GCC_WARN_UNUSED_FUNCTION = YES;
				GCC_WARN_UNUSED_VARIABLE = YES;
				IPHONEOS_DEPLOYMENT_TARGET = 17.4;
				LOCALIZATION_PREFERS_STRING_CATALOGS = YES;
				MTL_ENABLE_DEBUG_INFO = INCLUDE_SOURCE;
				MTL_FAST_MATH = YES;
				ONLY_ACTIVE_ARCH = YES;
				SDKROOT = iphoneos;
				SWIFT_ACTIVE_COMPILATION_CONDITIONS = "DEBUG $(inherited)";
				SWIFT_OPTIMIZATION_LEVEL = "-Onone";
			};
			name = Debug;
		};
		397E78B12BC13BD600ABDDD9 /* Release */ = {
			isa = XCBuildConfiguration;
			buildSettings = {
				ALWAYS_SEARCH_USER_PATHS = NO;
				ASSETCATALOG_COMPILER_GENERATE_SWIFT_ASSET_SYMBOL_EXTENSIONS = YES;
				CLANG_ANALYZER_NONNULL = YES;
				CLANG_ANALYZER_NUMBER_OBJECT_CONVERSION = YES_AGGRESSIVE;
				CLANG_CXX_LANGUAGE_STANDARD = "gnu++20";
				CLANG_ENABLE_MODULES = YES;
				CLANG_ENABLE_OBJC_ARC = YES;
				CLANG_ENABLE_OBJC_WEAK = YES;
				CLANG_WARN_BLOCK_CAPTURE_AUTORELEASING = YES;
				CLANG_WARN_BOOL_CONVERSION = YES;
				CLANG_WARN_COMMA = YES;
				CLANG_WARN_CONSTANT_CONVERSION = YES;
				CLANG_WARN_DEPRECATED_OBJC_IMPLEMENTATIONS = YES;
				CLANG_WARN_DIRECT_OBJC_ISA_USAGE = YES_ERROR;
				CLANG_WARN_DOCUMENTATION_COMMENTS = YES;
				CLANG_WARN_EMPTY_BODY = YES;
				CLANG_WARN_ENUM_CONVERSION = YES;
				CLANG_WARN_INFINITE_RECURSION = YES;
				CLANG_WARN_INT_CONVERSION = YES;
				CLANG_WARN_NON_LITERAL_NULL_CONVERSION = YES;
				CLANG_WARN_OBJC_IMPLICIT_RETAIN_SELF = YES;
				CLANG_WARN_OBJC_LITERAL_CONVERSION = YES;
				CLANG_WARN_OBJC_ROOT_CLASS = YES_ERROR;
				CLANG_WARN_QUOTED_INCLUDE_IN_FRAMEWORK_HEADER = YES;
				CLANG_WARN_RANGE_LOOP_ANALYSIS = YES;
				CLANG_WARN_STRICT_PROTOTYPES = YES;
				CLANG_WARN_SUSPICIOUS_MOVE = YES;
				CLANG_WARN_UNGUARDED_AVAILABILITY = YES_AGGRESSIVE;
				CLANG_WARN_UNREACHABLE_CODE = YES;
				CLANG_WARN__DUPLICATE_METHOD_MATCH = YES;
				COPY_PHASE_STRIP = NO;
				DEBUG_INFORMATION_FORMAT = "dwarf-with-dsym";
				ENABLE_NS_ASSERTIONS = NO;
				ENABLE_STRICT_OBJC_MSGSEND = YES;
				ENABLE_USER_SCRIPT_SANDBOXING = YES;
				GCC_C_LANGUAGE_STANDARD = gnu17;
				GCC_NO_COMMON_BLOCKS = YES;
				GCC_WARN_64_TO_32_BIT_CONVERSION = YES;
				GCC_WARN_ABOUT_RETURN_TYPE = YES_ERROR;
				GCC_WARN_UNDECLARED_SELECTOR = YES;
				GCC_WARN_UNINITIALIZED_AUTOS = YES_AGGRESSIVE;
				GCC_WARN_UNUSED_FUNCTION = YES;
				GCC_WARN_UNUSED_VARIABLE = YES;
				IPHONEOS_DEPLOYMENT_TARGET = 17.4;
				LOCALIZATION_PREFERS_STRING_CATALOGS = YES;
				MTL_ENABLE_DEBUG_INFO = NO;
				MTL_FAST_MATH = YES;
				SDKROOT = iphoneos;
				SWIFT_COMPILATION_MODE = wholemodule;
				VALIDATE_PRODUCT = YES;
			};
			name = Release;
		};
		397E78B32BC13BD600ABDDD9 /* Debug */ = {
			isa = XCBuildConfiguration;
			buildSettings = {
				ASSETCATALOG_COMPILER_APPICON_NAME = AppIcon;
				ASSETCATALOG_COMPILER_GLOBAL_ACCENT_COLOR_NAME = AccentColor;
				CODE_SIGN_STYLE = Automatic;
				CURRENT_PROJECT_VERSION = 1;
				DEVELOPMENT_ASSET_PATHS = "\"swift UI weather/Preview Content\"";
				DEVELOPMENT_TEAM = Q25SHSDU24;
				ENABLE_PREVIEWS = YES;
				GENERATE_INFOPLIST_FILE = YES;
				INFOPLIST_KEY_UIApplicationSceneManifest_Generation = YES;
				INFOPLIST_KEY_UIApplicationSupportsIndirectInputEvents = YES;
				INFOPLIST_KEY_UILaunchScreen_Generation = YES;
				INFOPLIST_KEY_UISupportedInterfaceOrientations_iPad = "UIInterfaceOrientationPortrait UIInterfaceOrientationPortraitUpsideDown UIInterfaceOrientationLandscapeLeft UIInterfaceOrientationLandscapeRight";
				INFOPLIST_KEY_UISupportedInterfaceOrientations_iPhone = "UIInterfaceOrientationPortrait UIInterfaceOrientationLandscapeLeft UIInterfaceOrientationLandscapeRight";
				LD_RUNPATH_SEARCH_PATHS = (
					"$(inherited)",
					"@executable_path/Frameworks",
				);
				MARKETING_VERSION = 1.0;
				PRODUCT_BUNDLE_IDENTIFIER = "khawarproject.swift-UI-weather";
				PRODUCT_NAME = "$(TARGET_NAME)";
				SWIFT_EMIT_LOC_STRINGS = YES;
				SWIFT_VERSION = 5.0;
				TARGETED_DEVICE_FAMILY = "1,2";
			};
			name = Debug;
		};
		397E78B42BC13BD600ABDDD9 /* Release */ = {
			isa = XCBuildConfiguration;
			buildSettings = {
				ASSETCATALOG_COMPILER_APPICON_NAME = AppIcon;
				ASSETCATALOG_COMPILER_GLOBAL_ACCENT_COLOR_NAME = AccentColor;
				CODE_SIGN_STYLE = Automatic;
				CURRENT_PROJECT_VERSION = 1;
				DEVELOPMENT_ASSET_PATHS = "\"swift UI weather/Preview Content\"";
				DEVELOPMENT_TEAM = Q25SHSDU24;
				ENABLE_PREVIEWS = YES;
				GENERATE_INFOPLIST_FILE = YES;
				INFOPLIST_KEY_UIApplicationSceneManifest_Generation = YES;
				INFOPLIST_KEY_UIApplicationSupportsIndirectInputEvents = YES;
				INFOPLIST_KEY_UILaunchScreen_Generation = YES;
				INFOPLIST_KEY_UISupportedInterfaceOrientations_iPad = "UIInterfaceOrientationPortrait UIInterfaceOrientationPortraitUpsideDown UIInterfaceOrientationLandscapeLeft UIInterfaceOrientationLandscapeRight";
				INFOPLIST_KEY_UISupportedInterfaceOrientations_iPhone = "UIInterfaceOrientationPortrait UIInterfaceOrientationLandscapeLeft UIInterfaceOrientationLandscapeRight";
				LD_RUNPATH_SEARCH_PATHS = (
					"$(inherited)",
					"@executable_path/Frameworks",
				);
				MARKETING_VERSION = 1.0;
				PRODUCT_BUNDLE_IDENTIFIER = "khawarproject.swift-UI-weather";
				PRODUCT_NAME = "$(TARGET_NAME)";
				SWIFT_EMIT_LOC_STRINGS = YES;
				SWIFT_VERSION = 5.0;
				TARGETED_DEVICE_FAMILY = "1,2";
			};
			name = Release;
		};
		397E78B62BC13BD600ABDDD9 /* Debug */ = {
			isa = XCBuildConfiguration;
			buildSettings = {
				ALWAYS_EMBED_SWIFT_STANDARD_LIBRARIES = YES;
				BUNDLE_LOADER = "$(TEST_HOST)";
				CODE_SIGN_STYLE = Automatic;
				CURRENT_PROJECT_VERSION = 1;
				DEVELOPMENT_TEAM = Q25SHSDU24;
				GENERATE_INFOPLIST_FILE = YES;
				IPHONEOS_DEPLOYMENT_TARGET = 17.4;
				MARKETING_VERSION = 1.0;
				PRODUCT_BUNDLE_IDENTIFIER = "khawarproject.swift-UI-weatherTests";
				PRODUCT_NAME = "$(TARGET_NAME)";
				SWIFT_EMIT_LOC_STRINGS = NO;
				SWIFT_VERSION = 5.0;
				TARGETED_DEVICE_FAMILY = "1,2";
				TEST_HOST = "$(BUILT_PRODUCTS_DIR)/swift UI weather.app/$(BUNDLE_EXECUTABLE_FOLDER_PATH)/swift UI weather";
			};
			name = Debug;
		};
		397E78B72BC13BD600ABDDD9 /* Release */ = {
			isa = XCBuildConfiguration;
			buildSettings = {
				ALWAYS_EMBED_SWIFT_STANDARD_LIBRARIES = YES;
				BUNDLE_LOADER = "$(TEST_HOST)";
				CODE_SIGN_STYLE = Automatic;
				CURRENT_PROJECT_VERSION = 1;
				DEVELOPMENT_TEAM = Q25SHSDU24;
				GENERATE_INFOPLIST_FILE = YES;
				IPHONEOS_DEPLOYMENT_TARGET = 17.4;
				MARKETING_VERSION = 1.0;
				PRODUCT_BUNDLE_IDENTIFIER = "khawarproject.swift-UI-weatherTests";
				PRODUCT_NAME = "$(TARGET_NAME)";
				SWIFT_EMIT_LOC_STRINGS = NO;
				SWIFT_VERSION = 5.0;
				TARGETED_DEVICE_FAMILY = "1,2";
				TEST_HOST = "$(BUILT_PRODUCTS_DIR)/swift UI weather.app/$(BUNDLE_EXECUTABLE_FOLDER_PATH)/swift UI weather";
			};
			name = Release;
		};
		397E78B92BC13BD600ABDDD9 /* Debug */ = {
			isa = XCBuildConfiguration;
			buildSettings = {
				ALWAYS_EMBED_SWIFT_STANDARD_LIBRARIES = YES;
				CODE_SIGN_STYLE = Automatic;
				CURRENT_PROJECT_VERSION = 1;
				DEVELOPMENT_TEAM = Q25SHSDU24;
				GENERATE_INFOPLIST_FILE = YES;
				MARKETING_VERSION = 1.0;
				PRODUCT_BUNDLE_IDENTIFIER = "khawarproject.swift-UI-weatherUITests";
				PRODUCT_NAME = "$(TARGET_NAME)";
				SWIFT_EMIT_LOC_STRINGS = NO;
				SWIFT_VERSION = 5.0;
				TARGETED_DEVICE_FAMILY = "1,2";
				TEST_TARGET_NAME = "swift UI weather";
			};
			name = Debug;
		};
		397E78BA2BC13BD600ABDDD9 /* Release */ = {
			isa = XCBuildConfiguration;
			buildSettings = {
				ALWAYS_EMBED_SWIFT_STANDARD_LIBRARIES = YES;
				CODE_SIGN_STYLE = Automatic;
				CURRENT_PROJECT_VERSION = 1;
				DEVELOPMENT_TEAM = Q25SHSDU24;
				GENERATE_INFOPLIST_FILE = YES;
				MARKETING_VERSION = 1.0;
				PRODUCT_BUNDLE_IDENTIFIER = "khawarproject.swift-UI-weatherUITests";
				PRODUCT_NAME = "$(TARGET_NAME)";
				SWIFT_EMIT_LOC_STRINGS = NO;
				SWIFT_VERSION = 5.0;
				TARGETED_DEVICE_FAMILY = "1,2";
				TEST_TARGET_NAME = "swift UI weather";
			};
			name = Release;
		};
/* End XCBuildConfiguration section */

/* Begin XCConfigurationList section */
		397E78892BC13BD400ABDDD9 /* Build configuration list for PBXProject "swift UI weather" */ = {
			isa = XCConfigurationList;
			buildConfigurations = (
				397E78B02BC13BD600ABDDD9 /* Debug */,
				397E78B12BC13BD600ABDDD9 /* Release */,
			);
			defaultConfigurationIsVisible = 0;
			defaultConfigurationName = Release;
		};
		397E78B22BC13BD600ABDDD9 /* Build configuration list for PBXNativeTarget "swift UI weather" */ = {
			isa = XCConfigurationList;
			buildConfigurations = (
				397E78B32BC13BD600ABDDD9 /* Debug */,
				397E78B42BC13BD600ABDDD9 /* Release */,
			);
			defaultConfigurationIsVisible = 0;
			defaultConfigurationName = Release;
		};
		397E78B52BC13BD600ABDDD9 /* Build configuration list for PBXNativeTarget "swift UI weatherTests" */ = {
			isa = XCConfigurationList;
			buildConfigurations = (
				397E78B62BC13BD600ABDDD9 /* Debug */,
				397E78B72BC13BD600ABDDD9 /* Release */,
			);
			defaultConfigurationIsVisible = 0;
			defaultConfigurationName = Release;
		};
		397E78B82BC13BD600ABDDD9 /* Build configuration list for PBXNativeTarget "swift UI weatherUITests" */ = {
			isa = XCConfigurationList;
			buildConfigurations = (
				397E78B92BC13BD600ABDDD9 /* Debug */,
				397E78BA2BC13BD600ABDDD9 /* Release */,
			);
			defaultConfigurationIsVisible = 0;
			defaultConfigurationName = Release;
		};
/* End XCConfigurationList section */
	};
	rootObject = 397E78862BC13BD400ABDDD9 /* Project object */;
}
